<?xml version="1.0" encoding="utf-8"?>
<Project ToolsVersion="4.0" xmlns="http://schemas.microsoft.com/developer/msbuild/2003">
  <ItemGroup>
    <Filter Include="Source Files">
      <UniqueIdentifier>{4FC737F1-C7A5-4376-A066-2A32D752A2FF}</UniqueIdentifier>
      <Extensions>cpp;c;cc;cxx;c++;cppm;ixx;def;odl;idl;hpj;bat;asm;asmx</Extensions>
    </Filter>
    <Filter Include="Header Files">
      <UniqueIdentifier>{93995380-89BD-4b04-88EB-625FBE52EBFB}</UniqueIdentifier>
      <Extensions>h;hh;hpp;hxx;h++;hm;inl;inc;ipp;xsd</Extensions>
    </Filter>
    <Filter Include="Resource Files">
      <UniqueIdentifier>{67DA6AB6-F800-4c08-8B7A-83BB121AAD01}</UniqueIdentifier>
      <Extensions>rc;ico;cur;bmp;dlg;rc2;rct;bin;rgs;gif;jpg;jpeg;jpe;resx;tiff;tif;png;wav;mfcribbon-ms</Extensions>
    </Filter>
    <Filter Include="Source Files\GUI">
      <UniqueIdentifier>{e9cd6e8c-7ebc-4576-bc7b-3a68c308d28e}</UniqueIdentifier>
    </Filter>
    <Filter Include="Source Files\Network">
      <UniqueIdentifier>{df6fb5a2-cc2c-4eff-b1c5-a5c36ee9d957}</UniqueIdentifier>
    </Filter>
    <Filter Include="Source Files\GUI\Pages">
      <UniqueIdentifier>{1a50a047-9db8-47aa-8214-0729f15f993c}</UniqueIdentifier>
    </Filter>
    <Filter Include="Source Files\GUI\Components">
      <UniqueIdentifier>{aa7303ac-4b74-4f00-8cc5-1bc54acbe224}</UniqueIdentifier>
    </Filter>
    <Filter Include="Source Files\GUI\Xml">
      <UniqueIdentifier>{032fd136-f5ac-4a26-82e7-b3a18608adea}</UniqueIdentifier>
    </Filter>
    <Filter Include="Source Files\GUI\Game">
      <UniqueIdentifier>{6a4ff191-3177-4141-bd80-9f9963c55c86}</UniqueIdentifier>
    </Filter>
  </ItemGroup>
  <ItemGroup>
    <ClCompile Include="fltk\src\Fl_Generic_Image.cpp">
      <Filter>Source Files\GUI\Components</Filter>
    </ClCompile>
    <ClCompile Include="pugixml.cpp">
      <Filter>Source Files\GUI\Xml</Filter>
    </ClCompile>
    <ClCompile Include="MyWidget.cpp">
      <Filter>Source Files\GUI\Components</Filter>
    </ClCompile>
    <ClCompile Include="Settings.cpp">
      <Filter>Source Files\GUI\Xml</Filter>
    </ClCompile>
    <ClCompile Include="HomePage.cpp">
      <Filter>Source Files\GUI\Pages</Filter>
    </ClCompile>
    <ClCompile Include="GameManager.cpp">
      <Filter>Source Files\GUI\Game</Filter>
    </ClCompile>
    <ClCompile Include="main.cpp">
      <Filter>Source Files</Filter>
    </ClCompile>
    <ClCompile Include="MainWindow.cpp">
      <Filter>Source Files</Filter>
    </ClCompile>
    <ClCompile Include="ClientSocket.cpp">
      <Filter>Source Files\Network</Filter>
    </ClCompile>
    <ClCompile Include="ServerSocket.cpp">
      <Filter>Source Files\Network</Filter>
    </ClCompile>
    <ClCompile Include="LobbyPage.cpp">
      <Filter>Source Files\GUI\Pages</Filter>
    </ClCompile>
    <ClCompile Include="ChatData.cpp">
      <Filter>Source Files\GUI\Pages</Filter>
    </ClCompile>
    <ClCompile Include="SettingsWindow.cpp">
      <Filter>Source Files\GUI\Pages</Filter>
    </ClCompile>
  </ItemGroup>
  <ItemGroup>
    <ClInclude Include="MainWindow.h">
      <Filter>Source Files</Filter>
    </ClInclude>
    <ClInclude Include="Settings.h">
      <Filter>Source Files\GUI\Xml</Filter>
    </ClInclude>
    <ClInclude Include="pugixml.hpp">
      <Filter>Source Files\GUI\Xml</Filter>
    </ClInclude>
    <ClInclude Include="pugiconfig.hpp">
      <Filter>Source Files\GUI\Xml</Filter>
    </ClInclude>
    <ClInclude Include="HomePage.hpp">
      <Filter>Source Files\GUI\Pages</Filter>
    </ClInclude>
    <ClInclude Include="GameManager.h">
      <Filter>Source Files\GUI\Game</Filter>
    </ClInclude>
    <ClInclude Include="MyWidget.h">
      <Filter>Source Files\GUI\Components</Filter>
    </ClInclude>
    <ClInclude Include="ClientSocket.h">
      <Filter>Source Files\Network</Filter>
    </ClInclude>
    <ClInclude Include="ServerSocket.h">
      <Filter>Source Files\Network</Filter>
    </ClInclude>
    <ClInclude Include="LobbyPage.hpp">
      <Filter>Source Files\GUI\Pages</Filter>
    </ClInclude>
    <ClInclude Include="Timer.h">
      <Filter>Source Files</Filter>
    </ClInclude>
    <ClInclude Include="ChatData.hpp">
      <Filter>Source Files\GUI\Pages</Filter>
    </ClInclude>
    <ClInclude Include="SettingsWindow.hpp">
      <Filter>Source Files\GUI\Pages</Filter>
    </ClInclude>
  </ItemGroup>
  <ItemGroup>
    <Image Include="..\..\..\..\..\Downloads\DrawBox.png">
      <Filter>Resource Files</Filter>
    </Image>
  </ItemGroup>
  <ItemGroup>
    <Xml Include="chat_history.xml">
      <Filter>Resource Files</Filter>
    </Xml>
  </ItemGroup>
</Project>